
Microsoft Visual Studio Solution File, Format Version 12.00
# Visual Studio Version 16
VisualStudioVersion = 16.0.30621.155
MinimumVisualStudioVersion = 10.0.40219.1
Project("{FAE04EC0-301F-11D3-BF4B-00C04F79EFBC}") = "Battleships.Business", "Battleships.Business\Battleships.Business.csproj", "{0CEE5C95-B0B7-476B-9D6B-177A14D8EFE8}"
EndProject
Project("{FAE04EC0-301F-11D3-BF4B-00C04F79EFBC}") = "Battleships.App", "Battleships.App\Battleships.App.csproj", "{78FFB9EB-BAB6-4F88-9319-4651468E3B7D}"
EndProject
Project("{FAE04EC0-301F-11D3-BF4B-00C04F79EFBC}") = "Battleships.Test", "Battleships.Test\Battleships.Test.csproj", "{65C43374-685A-485B-9537-6BBF7A005B8F}"
EndProject
Global
	GlobalSection(SolutionConfigurationPlatforms) = preSolution
		Debug|Any CPU = Debug|Any CPU
		Release|Any CPU = Release|Any CPU
	EndGlobalSection
	GlobalSection(ProjectConfigurationPlatforms) = postSolution
		{0CEE5C95-B0B7-476B-9D6B-177A14D8EFE8}.Debug|Any CPU.ActiveCfg = Debug|Any CPU
		{0CEE5C95-B0B7-476B-9D6B-177A14D8EFE8}.Debug|Any CPU.Build.0 = Debug|Any CPU
		{0CEE5C95-B0B7-476B-9D6B-177A14D8EFE8}.Release|Any CPU.ActiveCfg = Release|Any CPU
		{0CEE5C95-B0B7-476B-9D6B-177A14D8EFE8}.Release|Any CPU.Build.0 = Release|Any CPU
		{78FFB9EB-BAB6-4F88-9319-4651468E3B7D}.Debug|Any CPU.ActiveCfg = Debug|Any CPU
		{78FFB9EB-BAB6-4F88-9319-4651468E3B7D}.Debug|Any CPU.Build.0 = Debug|Any CPU
		{78FFB9EB-BAB6-4F88-9319-4651468E3B7D}.Release|Any CPU.ActiveCfg = Release|Any CPU
		{78FFB9EB-BAB6-4F88-9319-4651468E3B7D}.Release|Any CPU.Build.0 = Release|Any CPU
		{65C43374-685A-485B-9537-6BBF7A005B8F}.Debug|Any CPU.ActiveCfg = Debug|Any CPU
		{65C43374-685A-485B-9537-6BBF7A005B8F}.Debug|Any CPU.Build.0 = Debug|Any CPU
		{65C43374-685A-485B-9537-6BBF7A005B8F}.Release|Any CPU.ActiveCfg = Release|Any CPU
		{65C43374-685A-485B-9537-6BBF7A005B8F}.Release|Any CPU.Build.0 = Release|Any CPU
	EndGlobalSection
	GlobalSection(SolutionProperties) = preSolution
		HideSolutionNode = FALSE
	EndGlobalSection
	GlobalSection(ExtensibilityGlobals) = postSolution
		SolutionGuid = {303A9D15-F0B8-4005-962B-E2AD1BE8BB41}
	EndGlobalSection
EndGlobal
